
Microsoft Visual Studio Solution File, Format Version 12.00
# Visual Studio Version 16
VisualStudioVersion = 16.0.31624.102
MinimumVisualStudioVersion = 10.0.40219.1
Project("{9A19103F-16F7-4668-BE54-9A1E7A4F7556}") = "oculus-driver", "oculus-driver.csproj", "{60CC86F8-B3D8-41C6-970E-8F6A200A72B5}"
EndProject
Global
	GlobalSection(SolutionConfigurationPlatforms) = preSolution
		Debug|Any CPU = Debug|Any CPU
		Release|Any CPU = Release|Any CPU
	EndGlobalSection
	GlobalSection(ProjectConfigurationPlatforms) = postSolution
		{60CC86F8-B3D8-41C6-970E-8F6A200A72B5}.Debug|Any CPU.ActiveCfg = Debug|Any CPU
		{60CC86F8-B3D8-41C6-970E-8F6A200A72B5}.Debug|Any CPU.Build.0 = Debug|Any CPU
		{60CC86F8-B3D8-41C6-970E-8F6A200A72B5}.Release|Any CPU.ActiveCfg = Release|Any CPU
		{60CC86F8-B3D8-41C6-970E-8F6A200A72B5}.Release|Any CPU.Build.0 = Release|Any CPU
	EndGlobalSection
	GlobalSection(SolutionProperties) = preSolution
		HideSolutionNode = FALSE
	EndGlobalSection
	GlobalSection(ExtensibilityGlobals) = postSolution
		SolutionGuid = {A0F1FCE9-C005-4664-8764-EF88D05E7AD1}
	EndGlobalSection
EndGlobal
